// !$*UTF8*$!
{
	archiveVersion = 1;
	classes = {
	};
	objectVersion = 46;
	objects = {

/* Begin PBXBuildFile section */
		052544471CDBE4B30061D871 /* SalesforceBaseIconView.h in CopyFiles */ = {isa = PBXBuildFile; fileRef = 0558CE191CC80F16007765C0 /* SalesforceBaseIconView.h */; };
		052544481CDBE4B30061D871 /* SalesforceBaseIconManager.h in CopyFiles */ = {isa = PBXBuildFile; fileRef = 0558CE1A1CC80F16007765C0 /* SalesforceBaseIconManager.h */; };
		0558CE1B1CC80F16007765C0 /* SalesforceBaseIconManager.m in Sources */ = {isa = PBXBuildFile; fileRef = 0558CE171CC80F16007765C0 /* SalesforceBaseIconManager.m */; };
		0558CE1C1CC80F16007765C0 /* SalesforceBaseIconView.m in Sources */ = {isa = PBXBuildFile; fileRef = 0558CE181CC80F16007765C0 /* SalesforceBaseIconView.m */; };
		0558CE1D1CC80F16007765C0 /* SalesforceBaseIconView.h in Headers */ = {isa = PBXBuildFile; fileRef = 0558CE191CC80F16007765C0 /* SalesforceBaseIconView.h */; settings = {ATTRIBUTES = (Public, ); }; };
		0558CE1E1CC80F16007765C0 /* SalesforceBaseIconManager.h in Headers */ = {isa = PBXBuildFile; fileRef = 0558CE1A1CC80F16007765C0 /* SalesforceBaseIconManager.h */; settings = {ATTRIBUTES = (Public, ); }; };
		0569802E1CDDCCC30014F09B /* SalesforceBaseTheme.h in Headers */ = {isa = PBXBuildFile; fileRef = 0569802C1CDDCCC30014F09B /* SalesforceBaseTheme.h */; settings = {ATTRIBUTES = (Public, ); }; };
		0569802F1CDDCCC30014F09B /* SalesforceBaseTheme.m in Sources */ = {isa = PBXBuildFile; fileRef = 0569802D1CDDCCC30014F09B /* SalesforceBaseTheme.m */; };
		056980301CDDCCEC0014F09B /* SalesforceBaseTheme.h in CopyFiles */ = {isa = PBXBuildFile; fileRef = 0569802C1CDDCCC30014F09B /* SalesforceBaseTheme.h */; };
/* End PBXBuildFile section */

/* Begin PBXCopyFilesBuildPhase section */
		052544461CDBE4880061D871 /* CopyFiles */ = {
			isa = PBXCopyFilesBuildPhase;
			buildActionMask = 2147483647;
			dstPath = "include/$(PRODUCT_NAME)";
			dstSubfolderSpec = 16;
			files = (
				056980301CDDCCEC0014F09B /* SalesforceBaseTheme.h in CopyFiles */,
				052544471CDBE4B30061D871 /* SalesforceBaseIconView.h in CopyFiles */,
				052544481CDBE4B30061D871 /* SalesforceBaseIconManager.h in CopyFiles */,
			);
			runOnlyForDeploymentPostprocessing = 0;
		};
		05E4E7671CBEC7D100899BCA /* CopyFiles */ = {
			isa = PBXCopyFilesBuildPhase;
			buildActionMask = 2147483647;
			dstPath = "";
			dstSubfolderSpec = 7;
			files = (
			);
			runOnlyForDeploymentPostprocessing = 0;
		};
/* End PBXCopyFilesBuildPhase section */

/* Begin PBXFileReference section */
		0558CE171CC80F16007765C0 /* SalesforceBaseIconManager.m */ = {isa = PBXFileReference; fileEncoding = 4; lastKnownFileType = sourcecode.c.objc; path = SalesforceBaseIconManager.m; sourceTree = "<group>"; };
		0558CE181CC80F16007765C0 /* SalesforceBaseIconView.m */ = {isa = PBXFileReference; fileEncoding = 4; lastKnownFileType = sourcecode.c.objc; path = SalesforceBaseIconView.m; sourceTree = "<group>"; };
		0558CE191CC80F16007765C0 /* SalesforceBaseIconView.h */ = {isa = PBXFileReference; fileEncoding = 4; lastKnownFileType = sourcecode.c.h; path = SalesforceBaseIconView.h; sourceTree = "<group>"; };
		0558CE1A1CC80F16007765C0 /* SalesforceBaseIconManager.h */ = {isa = PBXFileReference; fileEncoding = 4; lastKnownFileType = sourcecode.c.h; path = SalesforceBaseIconManager.h; sourceTree = "<group>"; };
		0569802C1CDDCCC30014F09B /* SalesforceBaseTheme.h */ = {isa = PBXFileReference; fileEncoding = 4; lastKnownFileType = sourcecode.c.h; path = SalesforceBaseTheme.h; sourceTree = "<group>"; };
		0569802D1CDDCCC30014F09B /* SalesforceBaseTheme.m */ = {isa = PBXFileReference; fileEncoding = 4; lastKnownFileType = sourcecode.c.objc; path = SalesforceBaseTheme.m; sourceTree = "<group>"; };
		05E4E6EC1CBDF7BE00899BCA /* libSalesforceBaseTheme.a */ = {isa = PBXFileReference; explicitFileType = archive.ar; includeInIndex = 0; path = libSalesforceBaseTheme.a; sourceTree = BUILT_PRODUCTS_DIR; };
/* End PBXFileReference section */

/* Begin PBXFrameworksBuildPhase section */
		05E4E6E91CBDF7BE00899BCA /* Frameworks */ = {
			isa = PBXFrameworksBuildPhase;
			buildActionMask = 2147483647;
			files = (
			);
			runOnlyForDeploymentPostprocessing = 0;
		};
/* End PBXFrameworksBuildPhase section */

/* Begin PBXGroup section */
		05E4E6E31CBDF7BE00899BCA = {
			isa = PBXGroup;
			children = (
				05E4E6EE1CBDF7BE00899BCA /* SalesforceBaseTheme */,
				05E4E6ED1CBDF7BE00899BCA /* Products */,
			);
			sourceTree = "<group>";
		};
		05E4E6ED1CBDF7BE00899BCA /* Products */ = {
			isa = PBXGroup;
			children = (
				05E4E6EC1CBDF7BE00899BCA /* libSalesforceBaseTheme.a */,
			);
			name = Products;
			sourceTree = "<group>";
		};
		05E4E6EE1CBDF7BE00899BCA /* SalesforceBaseTheme */ = {
			isa = PBXGroup;
			children = (
				0558CE171CC80F16007765C0 /* SalesforceBaseIconManager.m */,
				0558CE181CC80F16007765C0 /* SalesforceBaseIconView.m */,
				0558CE191CC80F16007765C0 /* SalesforceBaseIconView.h */,
				0558CE1A1CC80F16007765C0 /* SalesforceBaseIconManager.h */,
				0569802C1CDDCCC30014F09B /* SalesforceBaseTheme.h */,
				0569802D1CDDCCC30014F09B /* SalesforceBaseTheme.m */,
			);
			path = SalesforceBaseTheme;
			sourceTree = "<group>";
		};
/* End PBXGroup section */

/* Begin PBXHeadersBuildPhase section */
		05E4E7591CBEBFA600899BCA /* Headers */ = {
			isa = PBXHeadersBuildPhase;
			buildActionMask = 2147483647;
			files = (
				0558CE1E1CC80F16007765C0 /* SalesforceBaseIconManager.h in Headers */,
				0558CE1D1CC80F16007765C0 /* SalesforceBaseIconView.h in Headers */,
				0569802E1CDDCCC30014F09B /* SalesforceBaseTheme.h in Headers */,
			);
			runOnlyForDeploymentPostprocessing = 0;
		};
/* End PBXHeadersBuildPhase section */

/* Begin PBXNativeTarget section */
		05E4E6EB1CBDF7BE00899BCA /* SalesforceBaseTheme */ = {
			isa = PBXNativeTarget;
			buildConfigurationList = 05E4E6F51CBDF7BE00899BCA /* Build configuration list for PBXNativeTarget "SalesforceBaseTheme" */;
			buildPhases = (
				05E4E6E81CBDF7BE00899BCA /* Sources */,
				05E4E6E91CBDF7BE00899BCA /* Frameworks */,
				05E4E7671CBEC7D100899BCA /* CopyFiles */,
				05E4E7591CBEBFA600899BCA /* Headers */,
				052544461CDBE4880061D871 /* CopyFiles */,
			);
			buildRules = (
			);
			dependencies = (
			);
			name = SalesforceBaseTheme;
			productName = DesignSystemReactNative;
			productReference = 05E4E6EC1CBDF7BE00899BCA /* libSalesforceBaseTheme.a */;
			productType = "com.apple.product-type.library.static";
		};
/* End PBXNativeTarget section */

/* Begin PBXProject section */
		05E4E6E41CBDF7BE00899BCA /* Project object */ = {
			isa = PBXProject;
			attributes = {
				LastUpgradeCheck = 0720;
				ORGANIZATIONNAME = Salesforce;
				TargetAttributes = {
					05E4E6EB1CBDF7BE00899BCA = {
						CreatedOnToolsVersion = 7.2.1;
					};
				};
			};
			buildConfigurationList = 05E4E6E71CBDF7BE00899BCA /* Build configuration list for PBXProject "SalesforceBaseTheme" */;
			compatibilityVersion = "Xcode 3.2";
			developmentRegion = English;
			hasScannedForEncodings = 0;
			knownRegions = (
				en,
			);
			mainGroup = 05E4E6E31CBDF7BE00899BCA;
			productRefGroup = 05E4E6ED1CBDF7BE00899BCA /* Products */;
			projectDirPath = "";
			projectRoot = "";
			targets = (
				05E4E6EB1CBDF7BE00899BCA /* SalesforceBaseTheme */,
			);
		};
/* End PBXProject section */

/* Begin PBXSourcesBuildPhase section */
		05E4E6E81CBDF7BE00899BCA /* Sources */ = {
			isa = PBXSourcesBuildPhase;
			buildActionMask = 2147483647;
			files = (
				0558CE1C1CC80F16007765C0 /* SalesforceBaseIconView.m in Sources */,
				0558CE1B1CC80F16007765C0 /* SalesforceBaseIconManager.m in Sources */,
				0569802F1CDDCCC30014F09B /* SalesforceBaseTheme.m in Sources */,
			);
			runOnlyForDeploymentPostprocessing = 0;
		};
/* End PBXSourcesBuildPhase section */

/* Begin XCBuildConfiguration section */
		05E4E6F31CBDF7BE00899BCA /* Debug */ = {
			isa = XCBuildConfiguration;
			buildSettings = {
				ALWAYS_SEARCH_USER_PATHS = NO;
				CLANG_CXX_LANGUAGE_STANDARD = "gnu++0x";
				CLANG_CXX_LIBRARY = "libc++";
				CLANG_ENABLE_MODULES = YES;
				CLANG_ENABLE_OBJC_ARC = YES;
				CLANG_WARN_BOOL_CONVERSION = YES;
				CLANG_WARN_CONSTANT_CONVERSION = YES;
				CLANG_WARN_DIRECT_OBJC_ISA_USAGE = YES_ERROR;
				CLANG_WARN_EMPTY_BODY = YES;
				CLANG_WARN_ENUM_CONVERSION = YES;
				CLANG_WARN_INT_CONVERSION = YES;
				CLANG_WARN_OBJC_ROOT_CLASS = YES_ERROR;
				CLANG_WARN_UNREACHABLE_CODE = YES;
				CLANG_WARN__DUPLICATE_METHOD_MATCH = YES;
				"CODE_SIGN_IDENTITY[sdk=iphoneos*]" = "iPhone Developer";
				COPY_PHASE_STRIP = NO;
				DEBUG_INFORMATION_FORMAT = dwarf;
				ENABLE_STRICT_OBJC_MSGSEND = YES;
				ENABLE_TESTABILITY = YES;
				GCC_C_LANGUAGE_STANDARD = gnu99;
				GCC_DYNAMIC_NO_PIC = NO;
				GCC_NO_COMMON_BLOCKS = YES;
				GCC_OPTIMIZATION_LEVEL = 0;
				GCC_PREPROCESSOR_DEFINITIONS = (
					"DEBUG=1",
					"$(inherited)",
				);
				GCC_WARN_64_TO_32_BIT_CONVERSION = YES;
				GCC_WARN_ABOUT_RETURN_TYPE = YES_ERROR;
				GCC_WARN_UNDECLARED_SELECTOR = YES;
				GCC_WARN_UNINITIALIZED_AUTOS = YES_AGGRESSIVE;
				GCC_WARN_UNUSED_FUNCTION = YES;
				GCC_WARN_UNUSED_VARIABLE = YES;
				HEADER_SEARCH_PATHS = (
					"$(inherited)",
					"$(SRCROOT)/../../node_modules/react-native/React/**",
					"$(SRCROOT)/../../../../node_modules/react-native/React/**",
				);
				IPHONEOS_DEPLOYMENT_TARGET = 9.2;
				MTL_ENABLE_DEBUG_INFO = YES;
				ONLY_ACTIVE_ARCH = YES;
				SDKROOT = iphoneos;
			};
			name = Debug;
		};
		05E4E6F41CBDF7BE00899BCA /* Release */ = {
			isa = XCBuildConfiguration;
			buildSettings = {
				ALWAYS_SEARCH_USER_PATHS = NO;
				CLANG_CXX_LANGUAGE_STANDARD = "gnu++0x";
				CLANG_CXX_LIBRARY = "libc++";
				CLANG_ENABLE_MODULES = YES;
				CLANG_ENABLE_OBJC_ARC = YES;
				CLANG_WARN_BOOL_CONVERSION = YES;
				CLANG_WARN_CONSTANT_CONVERSION = YES;
				CLANG_WARN_DIRECT_OBJC_ISA_USAGE = YES_ERROR;
				CLANG_WARN_EMPTY_BODY = YES;
				CLANG_WARN_ENUM_CONVERSION = YES;
				CLANG_WARN_INT_CONVERSION = YES;
				CLANG_WARN_OBJC_ROOT_CLASS = YES_ERROR;
				CLANG_WARN_UNREACHABLE_CODE = YES;
				CLANG_WARN__DUPLICATE_METHOD_MATCH = YES;
				"CODE_SIGN_IDENTITY[sdk=iphoneos*]" = "iPhone Developer";
				COPY_PHASE_STRIP = NO;
				DEBUG_INFORMATION_FORMAT = "dwarf-with-dsym";
				ENABLE_NS_ASSERTIONS = NO;
				ENABLE_STRICT_OBJC_MSGSEND = YES;
				GCC_C_LANGUAGE_STANDARD = gnu99;
				GCC_NO_COMMON_BLOCKS = YES;
				GCC_WARN_64_TO_32_BIT_CONVERSION = YES;
				GCC_WARN_ABOUT_RETURN_TYPE = YES_ERROR;
				GCC_WARN_UNDECLARED_SELECTOR = YES;
				GCC_WARN_UNINITIALIZED_AUTOS = YES_AGGRESSIVE;
				GCC_WARN_UNUSED_FUNCTION = YES;
				GCC_WARN_UNUSED_VARIABLE = YES;
				HEADER_SEARCH_PATHS = (
					"$(inherited)",
					"$(SRCROOT)/../../node_modules/react-native/React/**",
					"$(SRCROOT)/../../../../node_modules/react-native/React/**",
				);
				IPHONEOS_DEPLOYMENT_TARGET = 9.2;
				MTL_ENABLE_DEBUG_INFO = NO;
				SDKROOT = iphoneos;
				VALIDATE_PRODUCT = YES;
			};
			name = Release;
		};
		05E4E6F61CBDF7BE00899BCA /* Debug */ = {
			isa = XCBuildConfiguration;
			buildSettings = {
				OTHER_LDFLAGS = "-ObjC";
				PRODUCT_NAME = SalesforceBaseTheme;
				SKIP_INSTALL = YES;
			};
			name = Debug;
		};
		05E4E6F71CBDF7BE00899BCA /* Release */ = {
			isa = XCBuildConfiguration;
			buildSettings = {
				OTHER_LDFLAGS = "-ObjC";
				PRODUCT_NAME = SalesforceBaseTheme;
				SKIP_INSTALL = YES;
			};
			name = Release;
		};
/* End XCBuildConfiguration section */

/* Begin XCConfigurationList section */
		05E4E6E71CBDF7BE00899BCA /* Build configuration list for PBXProject "SalesforceBaseTheme" */ = {
			isa = XCConfigurationList;
			buildConfigurations = (
				05E4E6F31CBDF7BE00899BCA /* Debug */,
				05E4E6F41CBDF7BE00899BCA /* Release */,
			);
			defaultConfigurationIsVisible = 0;
			defaultConfigurationName = Release;
		};
		05E4E6F51CBDF7BE00899BCA /* Build configuration list for PBXNativeTarget "SalesforceBaseTheme" */ = {
			isa = XCConfigurationList;
			buildConfigurations = (
				05E4E6F61CBDF7BE00899BCA /* Debug */,
				05E4E6F71CBDF7BE00899BCA /* Release */,
			);
			defaultConfigurationIsVisible = 0;
			defaultConfigurationName = Release;
		};
/* End XCConfigurationList section */
	};
	rootObject = 05E4E6E41CBDF7BE00899BCA /* Project object */;
}
